PODS:
  - Alamofire (4.7.3)
  - AlamofireObjectMapper (5.1.0):
    - Alamofire (~> 4.1)
    - ObjectMapper (~> 3.3)
  - Firebase/Core (5.15.0):
    - Firebase/CoreOnly
    - FirebaseAnalytics (= 5.4.0)
  - Firebase/CoreOnly (5.15.0):
    - FirebaseCore (= 5.1.10)
  - FirebaseAnalytics (5.4.0):
    - FirebaseCore (~> 5.1)
    - FirebaseInstanceID (~> 3.3)
    - GoogleAppMeasurement (= 5.4.0)
    - GoogleUtilities/AppDelegateSwizzler (~> 5.2)
    - GoogleUtilities/MethodSwizzler (~> 5.2)
    - GoogleUtilities/Network (~> 5.2)
    - "GoogleUtilities/NSData+zlib (~> 5.2)"
    - nanopb (~> 0.3)
  - FirebaseCore (5.1.10):
    - GoogleUtilities/Logger (~> 5.2)
  - FirebaseInstanceID (3.3.0):
    - FirebaseCore (~> 5.1)
    - GoogleUtilities/Environment (~> 5.3)
    - GoogleUtilities/UserDefaults (~> 5.3)
  - GoogleAppMeasurement (5.4.0):
    - GoogleUtilities/AppDelegateSwizzler (~> 5.2)
    - GoogleUtilities/MethodSwizzler (~> 5.2)
    - GoogleUtilities/Network (~> 5.2)
    - "GoogleUtilities/NSData+zlib (~> 5.2)"
    - nanopb (~> 0.3)
  - GoogleUtilities/AppDelegateSwizzler (5.3.6):
    - GoogleUtilities/Environment
    - GoogleUtilities/Logger
    - GoogleUtilities/Network
  - GoogleUtilities/Environment (5.3.6)
  - GoogleUtilities/Logger (5.3.6):
    - GoogleUtilities/Environment
  - GoogleUtilities/MethodSwizzler (5.3.6):
    - GoogleUtilities/Logger
  - GoogleUtilities/Network (5.3.6):
    - GoogleUtilities/Logger
    - "GoogleUtilities/NSData+zlib"
    - GoogleUtilities/Reachability
  - "GoogleUtilities/NSData+zlib (5.3.6)"
  - GoogleUtilities/Reachability (5.3.6):
    - GoogleUtilities/Logger
  - GoogleUtilities/UserDefaults (5.3.6):
    - GoogleUtilities/Logger
  - nanopb (0.3.901):
    - nanopb/decode (= 0.3.901)
    - nanopb/encode (= 0.3.901)
  - nanopb/decode (0.3.901)
  - nanopb/encode (0.3.901)
  - Nuke (7.4.2)
  - ObjectMapper (3.3.0)
  - OneSignal (2.9.4)
  - SwiftyJSON (4.2.0)

DEPENDENCIES:
  - Alamofire
  - AlamofireObjectMapper
  - Firebase/Core
  - Nuke
  - ObjectMapper
  - OneSignal (< 3.0, >= 2.6.2)
  - SwiftyJSON

SPEC REPOS:
  https://github.com/cocoapods/specs.git:
    - Alamofire
    - AlamofireObjectMapper
    - Firebase
    - FirebaseAnalytics
    - FirebaseCore
    - FirebaseInstanceID
    - GoogleAppMeasurement
    - GoogleUtilities
    - nanopb
    - Nuke
    - ObjectMapper
    - OneSignal
    - SwiftyJSON

SPEC CHECKSUMS:
  Alamofire: c7287b6e5d7da964a70935e5db17046b7fde6568
  AlamofireObjectMapper: 3395e698901d8b0e6f48b7d0c43bd47875325102
  Firebase: 8bb9268bff82374f2cbaaabb143e725743c316ae
  FirebaseAnalytics: c06f9d70577d79074214700a71fd5d39de5550fb
  FirebaseCore: 35747502d9e8c6ee217385ad04446c7c2aaf9c5c
  FirebaseInstanceID: e2fa4cb35ef5558c200f7f0ad8a53e212215f93e
  GoogleAppMeasurement: 98b71f5e04142793729a5ef23e5b96651ff4b70f
  GoogleUtilities: 95996bea7c7d9b8fb811b7507669a4a8762f80c7
  nanopb: 2901f78ea1b7b4015c860c2fdd1ea2fee1a18d48
  Nuke: aee5c42001369902798f7b844611b8ae930ce333
  ObjectMapper: b612bf8c8e99c4dc0bb6013a51f7c27966ed5da9
  OneSignal: a41f5a896177275662da07e23d6a809c0e105a89
  SwiftyJSON: c4bcba26dd9ec7a027fc8eade48e2c911f229e96

PODFILE CHECKSUM: 5b1265a527c2ae38d96f1d43b310f30b787a87c9

COCOAPODS: 1.6.0.beta.2
